// !$*UTF8*$!
{
	archiveVersion = 1;
	classes = {
	};
	objectVersion = 48;
	objects = {

/* Begin PBXBuildFile section */
		8C40903F20A9ABB500BE3759 /* Main.storyboard in Resources */ = {isa = PBXBuildFile; fileRef = 8C40903E20A9ABB500BE3759 /* Main.storyboard */; };
		8C58508320A8974E00A5BE73 /* AppDelegate.swift in Sources */ = {isa = PBXBuildFile; fileRef = 8C58508220A8974E00A5BE73 /* AppDelegate.swift */; };
		8C58508A20A8974E00A5BE73 /* Assets.xcassets in Resources */ = {isa = PBXBuildFile; fileRef = 8C58508920A8974E00A5BE73 /* Assets.xcassets */; };
		8C58508D20A8974E00A5BE73 /* LaunchScreen.storyboard in Resources */ = {isa = PBXBuildFile; fileRef = 8C58508B20A8974E00A5BE73 /* LaunchScreen.storyboard */; };
		8CDE3A7F20A9F6B7009BAED5 /* Home.storyboard in Resources */ = {isa = PBXBuildFile; fileRef = 8CDE3A7E20A9F6B7009BAED5 /* Home.storyboard */; };
		8CDE3A8120A9F6D8009BAED5 /* Live.storyboard in Resources */ = {isa = PBXBuildFile; fileRef = 8CDE3A8020A9F6D8009BAED5 /* Live.storyboard */; };
		8CDE3A8320A9F6F0009BAED5 /* Follow.storyboard in Resources */ = {isa = PBXBuildFile; fileRef = 8CDE3A8220A9F6F0009BAED5 /* Follow.storyboard */; };
		8CDE3A8520A9F70D009BAED5 /* Profile.storyboard in Resources */ = {isa = PBXBuildFile; fileRef = 8CDE3A8420A9F70D009BAED5 /* Profile.storyboard */; };
		8CF3EE4920AAF2EC0091A836 /* MainViewController.swift in Sources */ = {isa = PBXBuildFile; fileRef = 8CF3EE4820AAF2EC0091A836 /* MainViewController.swift */; };
		8CF3EE4B20AAF31E0091A836 /* HomeViewController.swift in Sources */ = {isa = PBXBuildFile; fileRef = 8CF3EE4A20AAF31E0091A836 /* HomeViewController.swift */; };
		8CF3EED720AB15450091A836 /* TXLiteAVSDK_Player.framework in Frameworks */ = {isa = PBXBuildFile; fileRef = 8CF3EED620AB15450091A836 /* TXLiteAVSDK_Player.framework */; };
		8CF3EED920AB15530091A836 /* VideoToolbox.framework in Frameworks */ = {isa = PBXBuildFile; fileRef = 8CF3EED820AB15530091A836 /* VideoToolbox.framework */; };
		8CF3EEDB20AB155B0091A836 /* SystemConfiguration.framework in Frameworks */ = {isa = PBXBuildFile; fileRef = 8CF3EEDA20AB155A0091A836 /* SystemConfiguration.framework */; };
		8CF3EEDD20AB15670091A836 /* CoreTelephony.framework in Frameworks */ = {isa = PBXBuildFile; fileRef = 8CF3EEDC20AB15670091A836 /* CoreTelephony.framework */; };
		8CF3EEDF20AB156E0091A836 /* AVFoundation.framework in Frameworks */ = {isa = PBXBuildFile; fileRef = 8CF3EEDE20AB156E0091A836 /* AVFoundation.framework */; };
		8CF3EEE120AB15780091A836 /* CoreMedia.framework in Frameworks */ = {isa = PBXBuildFile; fileRef = 8CF3EEE020AB15770091A836 /* CoreMedia.framework */; };
		8CF3EEE320AB157F0091A836 /* CoreGraphics.framework in Frameworks */ = {isa = PBXBuildFile; fileRef = 8CF3EEE220AB157F0091A836 /* CoreGraphics.framework */; };
		8CF3EEE520AB158B0091A836 /* libstdc++.tbd in Frameworks */ = {isa = PBXBuildFile; fileRef = 8CF3EEE420AB158A0091A836 /* libstdc++.tbd */; };
		8CF3EEE720AB15910091A836 /* libz.tbd in Frameworks */ = {isa = PBXBuildFile; fileRef = 8CF3EEE620AB15910091A836 /* libz.tbd */; };
		8CF3EEE920AB159B0091A836 /* libiconv.tbd in Frameworks */ = {isa = PBXBuildFile; fileRef = 8CF3EEE820AB159B0091A836 /* libiconv.tbd */; };
		8CF3EEEB20AB15A40091A836 /* libresolv.tbd in Frameworks */ = {isa = PBXBuildFile; fileRef = 8CF3EEEA20AB15A40091A836 /* libresolv.tbd */; };
/* End PBXBuildFile section */

/* Begin PBXContainerItemProxy section */
		8C58509420A8974E00A5BE73 /* PBXContainerItemProxy */ = {
			isa = PBXContainerItemProxy;
			containerPortal = 8C58507720A8974E00A5BE73 /* Project object */;
			proxyType = 1;
			remoteGlobalIDString = 8C58507E20A8974E00A5BE73;
			remoteInfo = liaoxin;
		};
		8C58509F20A8974E00A5BE73 /* PBXContainerItemProxy */ = {
			isa = PBXContainerItemProxy;
			containerPortal = 8C58507720A8974E00A5BE73 /* Project object */;
			proxyType = 1;
			remoteGlobalIDString = 8C58507E20A8974E00A5BE73;
			remoteInfo = liaoxin;
		};
/* End PBXContainerItemProxy section */

/* Begin PBXFileReference section */
		8C40903E20A9ABB500BE3759 /* Main.storyboard */ = {isa = PBXFileReference; lastKnownFileType = file.storyboard; path = Main.storyboard; sourceTree = "<group>"; };
		8C58507F20A8974E00A5BE73 /* liaoxin.app */ = {isa = PBXFileReference; explicitFileType = wrapper.application; includeInIndex = 0; path = liaoxin.app; sourceTree = BUILT_PRODUCTS_DIR; };
		8C58508220A8974E00A5BE73 /* AppDelegate.swift */ = {isa = PBXFileReference; lastKnownFileType = sourcecode.swift; path = AppDelegate.swift; sourceTree = "<group>"; };
		8C58508920A8974E00A5BE73 /* Assets.xcassets */ = {isa = PBXFileReference; lastKnownFileType = folder.assetcatalog; path = Assets.xcassets; sourceTree = "<group>"; };
		8C58508C20A8974E00A5BE73 /* Base */ = {isa = PBXFileReference; lastKnownFileType = file.storyboard; name = Base; path = Base.lproj/LaunchScreen.storyboard; sourceTree = "<group>"; };
		8C58508E20A8974E00A5BE73 /* Info.plist */ = {isa = PBXFileReference; lastKnownFileType = text.plist.xml; path = Info.plist; sourceTree = "<group>"; };
		8C58509320A8974E00A5BE73 /* liaoxinTests.xctest */ = {isa = PBXFileReference; explicitFileType = wrapper.cfbundle; includeInIndex = 0; path = liaoxinTests.xctest; sourceTree = BUILT_PRODUCTS_DIR; };
		8C58509E20A8974E00A5BE73 /* liaoxinUITests.xctest */ = {isa = PBXFileReference; explicitFileType = wrapper.cfbundle; includeInIndex = 0; path = liaoxinUITests.xctest; sourceTree = BUILT_PRODUCTS_DIR; };
		8CDE3A7E20A9F6B7009BAED5 /* Home.storyboard */ = {isa = PBXFileReference; fileEncoding = 4; lastKnownFileType = file.storyboard; path = Home.storyboard; sourceTree = "<group>"; };
		8CDE3A8020A9F6D8009BAED5 /* Live.storyboard */ = {isa = PBXFileReference; fileEncoding = 4; lastKnownFileType = file.storyboard; path = Live.storyboard; sourceTree = "<group>"; };
		8CDE3A8220A9F6F0009BAED5 /* Follow.storyboard */ = {isa = PBXFileReference; fileEncoding = 4; lastKnownFileType = file.storyboard; path = Follow.storyboard; sourceTree = "<group>"; };
		8CDE3A8420A9F70D009BAED5 /* Profile.storyboard */ = {isa = PBXFileReference; fileEncoding = 4; lastKnownFileType = file.storyboard; path = Profile.storyboard; sourceTree = "<group>"; };
		8CF3EE4820AAF2EC0091A836 /* MainViewController.swift */ = {isa = PBXFileReference; fileEncoding = 4; lastKnownFileType = sourcecode.swift; path = MainViewController.swift; sourceTree = "<group>"; };
		8CF3EE4A20AAF31E0091A836 /* HomeViewController.swift */ = {isa = PBXFileReference; lastKnownFileType = sourcecode.swift; path = HomeViewController.swift; sourceTree = "<group>"; };
		8CF3EED620AB15450091A836 /* TXLiteAVSDK_Player.framework */ = {isa = PBXFileReference; lastKnownFileType = wrapper.framework; name = TXLiteAVSDK_Player.framework; path = liaoxin/SDK/TXLiteAVSDK_Player.framework; sourceTree = "<group>"; };
		8CF3EED820AB15530091A836 /* VideoToolbox.framework */ = {isa = PBXFileReference; lastKnownFileType = wrapper.framework; name = VideoToolbox.framework; path = System/Library/Frameworks/VideoToolbox.framework; sourceTree = SDKROOT; };
		8CF3EEDA20AB155A0091A836 /* SystemConfiguration.framework */ = {isa = PBXFileReference; lastKnownFileType = wrapper.framework; name = SystemConfiguration.framework; path = System/Library/Frameworks/SystemConfiguration.framework; sourceTree = SDKROOT; };
		8CF3EEDC20AB15670091A836 /* CoreTelephony.framework */ = {isa = PBXFileReference; lastKnownFileType = wrapper.framework; name = CoreTelephony.framework; path = System/Library/Frameworks/CoreTelephony.framework; sourceTree = SDKROOT; };
		8CF3EEDE20AB156E0091A836 /* AVFoundation.framework */ = {isa = PBXFileReference; lastKnownFileType = wrapper.framework; name = AVFoundation.framework; path = System/Library/Frameworks/AVFoundation.framework; sourceTree = SDKROOT; };
		8CF3EEE020AB15770091A836 /* CoreMedia.framework */ = {isa = PBXFileReference; lastKnownFileType = wrapper.framework; name = CoreMedia.framework; path = System/Library/Frameworks/CoreMedia.framework; sourceTree = SDKROOT; };
		8CF3EEE220AB157F0091A836 /* CoreGraphics.framework */ = {isa = PBXFileReference; lastKnownFileType = wrapper.framework; name = CoreGraphics.framework; path = System/Library/Frameworks/CoreGraphics.framework; sourceTree = SDKROOT; };
		8CF3EEE420AB158A0091A836 /* libstdc++.tbd */ = {isa = PBXFileReference; lastKnownFileType = "sourcecode.text-based-dylib-definition"; name = "libstdc++.tbd"; path = "usr/lib/libstdc++.tbd"; sourceTree = SDKROOT; };
		8CF3EEE620AB15910091A836 /* libz.tbd */ = {isa = PBXFileReference; lastKnownFileType = "sourcecode.text-based-dylib-definition"; name = libz.tbd; path = usr/lib/libz.tbd; sourceTree = SDKROOT; };
		8CF3EEE820AB159B0091A836 /* libiconv.tbd */ = {isa = PBXFileReference; lastKnownFileType = "sourcecode.text-based-dylib-definition"; name = libiconv.tbd; path = usr/lib/libiconv.tbd; sourceTree = SDKROOT; };
		8CF3EEEA20AB15A40091A836 /* libresolv.tbd */ = {isa = PBXFileReference; lastKnownFileType = "sourcecode.text-based-dylib-definition"; name = libresolv.tbd; path = usr/lib/libresolv.tbd; sourceTree = SDKROOT; };
/* End PBXFileReference section */

/* Begin PBXFrameworksBuildPhase section */
		8C58507C20A8974E00A5BE73 /* Frameworks */ = {
			isa = PBXFrameworksBuildPhase;
			buildActionMask = 2147483647;
			files = (
				8CF3EEEB20AB15A40091A836 /* libresolv.tbd in Frameworks */,
				8CF3EEE920AB159B0091A836 /* libiconv.tbd in Frameworks */,
				8CF3EEE720AB15910091A836 /* libz.tbd in Frameworks */,
				8CF3EEE520AB158B0091A836 /* libstdc++.tbd in Frameworks */,
				8CF3EEE320AB157F0091A836 /* CoreGraphics.framework in Frameworks */,
				8CF3EEE120AB15780091A836 /* CoreMedia.framework in Frameworks */,
				8CF3EEDF20AB156E0091A836 /* AVFoundation.framework in Frameworks */,
				8CF3EEDD20AB15670091A836 /* CoreTelephony.framework in Frameworks */,
				8CF3EEDB20AB155B0091A836 /* SystemConfiguration.framework in Frameworks */,
				8CF3EED920AB15530091A836 /* VideoToolbox.framework in Frameworks */,
				8CF3EED720AB15450091A836 /* TXLiteAVSDK_Player.framework in Frameworks */,
			);
			runOnlyForDeploymentPostprocessing = 0;
		};
		8C58509020A8974E00A5BE73 /* Frameworks */ = {
			isa = PBXFrameworksBuildPhase;
			buildActionMask = 2147483647;
			files = (
			);
			runOnlyForDeploymentPostprocessing = 0;
		};
		8C58509B20A8974E00A5BE73 /* Frameworks */ = {
			isa = PBXFrameworksBuildPhase;
			buildActionMask = 2147483647;
			files = (
			);
			runOnlyForDeploymentPostprocessing = 0;
		};
/* End PBXFrameworksBuildPhase section */

/* Begin PBXGroup section */
		8C40903720A99B8E00BE3759 /* Classes */ = {
			isa = PBXGroup;
			children = (
				8C40903C20A99B8E00BE3759 /* Main */,
				8C40903820A99B8E00BE3759 /* Home */,
				8C40903B20A99B8E00BE3759 /* Live */,
				8C40903920A99B8E00BE3759 /* Follow */,
				8C40903A20A99B8E00BE3759 /* Profile */,
				8C40903D20A99B8E00BE3759 /* tool */,
			);
			path = Classes;
			sourceTree = "<group>";
		};
		8C40903820A99B8E00BE3759 /* Home */ = {
			isa = PBXGroup;
			children = (
				8CF3EE3720AAF2380091A836 /* Controller */,
				8CF3EE3820AAF2380091A836 /* Model */,
				8CF3EE3920AAF2380091A836 /* View */,
			);
			path = Home;
			sourceTree = "<group>";
		};
		8C40903920A99B8E00BE3759 /* Follow */ = {
			isa = PBXGroup;
			children = (
				8CF3EE4020AAF25A0091A836 /* Controller */,
				8CF3EE4120AAF25A0091A836 /* Model */,
				8CF3EE4220AAF25A0091A836 /* View */,
			);
			path = Follow;
			sourceTree = "<group>";
		};
		8C40903A20A99B8E00BE3759 /* Profile */ = {
			isa = PBXGroup;
			children = (
				8CF3EE4320AAF2600091A836 /* Controller */,
				8CF3EE4420AAF2600091A836 /* Model */,
				8CF3EE4520AAF2600091A836 /* View */,
			);
			path = Profile;
			sourceTree = "<group>";
		};
		8C40903B20A99B8E00BE3759 /* Live */ = {
			isa = PBXGroup;
			children = (
				8CF3EE3D20AAF2550091A836 /* Controller */,
				8CF3EE3E20AAF2550091A836 /* Model */,
				8CF3EE3F20AAF2550091A836 /* View */,
			);
			path = Live;
			sourceTree = "<group>";
		};
		8C40903C20A99B8E00BE3759 /* Main */ = {
			isa = PBXGroup;
			children = (
				8CF3EE3A20AAF24E0091A836 /* Controller */,
				8CF3EE3B20AAF24F0091A836 /* Model */,
				8CF3EE3C20AAF24F0091A836 /* View */,
			);
			path = Main;
			sourceTree = "<group>";
		};
		8C40903D20A99B8E00BE3759 /* tool */ = {
			isa = PBXGroup;
			children = (
			);
			path = tool;
			sourceTree = "<group>";
		};
		8C58507620A8974E00A5BE73 = {
			isa = PBXGroup;
			children = (
				8C58508120A8974E00A5BE73 /* liaoxin */,
				8C58508020A8974E00A5BE73 /* Products */,
				8CF3EE5120AB14C70091A836 /* Frameworks */,
			);
			sourceTree = "<group>";
		};
		8C58508020A8974E00A5BE73 /* Products */ = {
			isa = PBXGroup;
			children = (
				8C58507F20A8974E00A5BE73 /* liaoxin.app */,
				8C58509320A8974E00A5BE73 /* liaoxinTests.xctest */,
				8C58509E20A8974E00A5BE73 /* liaoxinUITests.xctest */,
			);
			name = Products;
			sourceTree = "<group>";
		};
		8C58508120A8974E00A5BE73 /* liaoxin */ = {
			isa = PBXGroup;
			children = (
				8C40903720A99B8E00BE3759 /* Classes */,
				8C58508220A8974E00A5BE73 /* AppDelegate.swift */,
				8C58508920A8974E00A5BE73 /* Assets.xcassets */,
				8C58508B20A8974E00A5BE73 /* LaunchScreen.storyboard */,
				8C58508E20A8974E00A5BE73 /* Info.plist */,
			);
			path = liaoxin;
			sourceTree = "<group>";
		};
		8CF3EE3720AAF2380091A836 /* Controller */ = {
			isa = PBXGroup;
			children = (
				8CDE3A7E20A9F6B7009BAED5 /* Home.storyboard */,
				8CF3EE4A20AAF31E0091A836 /* HomeViewController.swift */,
			);
			name = Controller;
			path = liaoxin/Classes/Main/Controller;
			sourceTree = SOURCE_ROOT;
		};
		8CF3EE3820AAF2380091A836 /* Model */ = {
			isa = PBXGroup;
			children = (
			);
			name = Model;
			path = liaoxin/Classes/Main/Model;
			sourceTree = SOURCE_ROOT;
		};
		8CF3EE3920AAF2380091A836 /* View */ = {
			isa = PBXGroup;
			children = (
			);
			name = View;
			path = liaoxin/Classes/Main/View;
			sourceTree = SOURCE_ROOT;
		};
		8CF3EE3A20AAF24E0091A836 /* Controller */ = {
			isa = PBXGroup;
			children = (
				8C40903E20A9ABB500BE3759 /* Main.storyboard */,
				8CF3EE4820AAF2EC0091A836 /* MainViewController.swift */,
			);
			path = Controller;
			sourceTree = "<group>";
		};
		8CF3EE3B20AAF24F0091A836 /* Model */ = {
			isa = PBXGroup;
			children = (
			);
			path = Model;
			sourceTree = "<group>";
		};
		8CF3EE3C20AAF24F0091A836 /* View */ = {
			isa = PBXGroup;
			children = (
			);
			path = View;
			sourceTree = "<group>";
		};
		8CF3EE3D20AAF2550091A836 /* Controller */ = {
			isa = PBXGroup;
			children = (
				8CDE3A8020A9F6D8009BAED5 /* Live.storyboard */,
			);
			name = Controller;
			path = liaoxin/Classes/Main/Controller;
			sourceTree = SOURCE_ROOT;
		};
		8CF3EE3E20AAF2550091A836 /* Model */ = {
			isa = PBXGroup;
			children = (
			);
			name = Model;
			path = liaoxin/Classes/Main/Model;
			sourceTree = SOURCE_ROOT;
		};
		8CF3EE3F20AAF2550091A836 /* View */ = {
			isa = PBXGroup;
			children = (
			);
			name = View;
			path = liaoxin/Classes/Main/View;
			sourceTree = SOURCE_ROOT;
		};
		8CF3EE4020AAF25A0091A836 /* Controller */ = {
			isa = PBXGroup;
			children = (
				8CDE3A8220A9F6F0009BAED5 /* Follow.storyboard */,
			);
			name = Controller;
			path = liaoxin/Classes/Main/Controller;
			sourceTree = SOURCE_ROOT;
		};
		8CF3EE4120AAF25A0091A836 /* Model */ = {
			isa = PBXGroup;
			children = (
			);
			name = Model;
			path = liaoxin/Classes/Main/Model;
			sourceTree = SOURCE_ROOT;
		};
		8CF3EE4220AAF25A0091A836 /* View */ = {
			isa = PBXGroup;
			children = (
			);
			name = View;
			path = liaoxin/Classes/Main/View;
			sourceTree = SOURCE_ROOT;
		};
		8CF3EE4320AAF2600091A836 /* Controller */ = {
			isa = PBXGroup;
			children = (
				8CDE3A8420A9F70D009BAED5 /* Profile.storyboard */,
			);
			name = Controller;
			path = liaoxin/Classes/Main/Controller;
			sourceTree = SOURCE_ROOT;
		};
		8CF3EE4420AAF2600091A836 /* Model */ = {
			isa = PBXGroup;
			children = (
			);
			name = Model;
			path = liaoxin/Classes/Main/Model;
			sourceTree = SOURCE_ROOT;
		};
		8CF3EE4520AAF2600091A836 /* View */ = {
			isa = PBXGroup;
			children = (
			);
			name = View;
			path = liaoxin/Classes/Main/View;
			sourceTree = SOURCE_ROOT;
		};
		8CF3EE5120AB14C70091A836 /* Frameworks */ = {
			isa = PBXGroup;
			children = (
				8CF3EEEA20AB15A40091A836 /* libresolv.tbd */,
				8CF3EEE820AB159B0091A836 /* libiconv.tbd */,
				8CF3EEE620AB15910091A836 /* libz.tbd */,
				8CF3EEE420AB158A0091A836 /* libstdc++.tbd */,
				8CF3EEE220AB157F0091A836 /* CoreGraphics.framework */,
				8CF3EEE020AB15770091A836 /* CoreMedia.framework */,
				8CF3EEDE20AB156E0091A836 /* AVFoundation.framework */,
				8CF3EEDC20AB15670091A836 /* CoreTelephony.framework */,
				8CF3EEDA20AB155A0091A836 /* SystemConfiguration.framework */,
				8CF3EED820AB15530091A836 /* VideoToolbox.framework */,
				8CF3EED620AB15450091A836 /* TXLiteAVSDK_Player.framework */,
			);
			name = Frameworks;
			sourceTree = "<group>";
		};
/* End PBXGroup section */

/* Begin PBXNativeTarget section */
		8C58507E20A8974E00A5BE73 /* liaoxin */ = {
			isa = PBXNativeTarget;
			buildConfigurationList = 8C5850A720A8974E00A5BE73 /* Build configuration list for PBXNativeTarget "liaoxin" */;
			buildPhases = (
				8C58507B20A8974E00A5BE73 /* Sources */,
				8C58507C20A8974E00A5BE73 /* Frameworks */,
				8C58507D20A8974E00A5BE73 /* Resources */,
			);
			buildRules = (
			);
			dependencies = (
			);
			name = liaoxin;
			productName = liaoxin;
			productReference = 8C58507F20A8974E00A5BE73 /* liaoxin.app */;
			productType = "com.apple.product-type.application";
		};
		8C58509220A8974E00A5BE73 /* liaoxinTests */ = {
			isa = PBXNativeTarget;
			buildConfigurationList = 8C5850AA20A8974E00A5BE73 /* Build configuration list for PBXNativeTarget "liaoxinTests" */;
			buildPhases = (
				8C58508F20A8974E00A5BE73 /* Sources */,
				8C58509020A8974E00A5BE73 /* Frameworks */,
				8C58509120A8974E00A5BE73 /* Resources */,
			);
			buildRules = (
			);
			dependencies = (
				8C58509520A8974E00A5BE73 /* PBXTargetDependency */,
			);
			name = liaoxinTests;
			productName = liaoxinTests;
			productReference = 8C58509320A8974E00A5BE73 /* liaoxinTests.xctest */;
			productType = "com.apple.product-type.bundle.unit-test";
		};
		8C58509D20A8974E00A5BE73 /* liaoxinUITests */ = {
			isa = PBXNativeTarget;
			buildConfigurationList = 8C5850AD20A8974E00A5BE73 /* Build configuration list for PBXNativeTarget "liaoxinUITests" */;
			buildPhases = (
				8C58509A20A8974E00A5BE73 /* Sources */,
				8C58509B20A8974E00A5BE73 /* Frameworks */,
				8C58509C20A8974E00A5BE73 /* Resources */,
			);
			buildRules = (
			);
			dependencies = (
				8C5850A020A8974E00A5BE73 /* PBXTargetDependency */,
			);
			name = liaoxinUITests;
			productName = liaoxinUITests;
			productReference = 8C58509E20A8974E00A5BE73 /* liaoxinUITests.xctest */;
			productType = "com.apple.product-type.bundle.ui-testing";
		};
/* End PBXNativeTarget section */

/* Begin PBXProject section */
		8C58507720A8974E00A5BE73 /* Project object */ = {
			isa = PBXProject;
			attributes = {
				LastSwiftUpdateCheck = 0920;
				LastUpgradeCheck = 0920;
				ORGANIZATIONNAME = fang;
				TargetAttributes = {
					8C58507E20A8974E00A5BE73 = {
						CreatedOnToolsVersion = 9.2;
						ProvisioningStyle = Automatic;
					};
					8C58509220A8974E00A5BE73 = {
						CreatedOnToolsVersion = 9.2;
						ProvisioningStyle = Automatic;
						TestTargetID = 8C58507E20A8974E00A5BE73;
					};
					8C58509D20A8974E00A5BE73 = {
						CreatedOnToolsVersion = 9.2;
						ProvisioningStyle = Automatic;
						TestTargetID = 8C58507E20A8974E00A5BE73;
					};
				};
			};
			buildConfigurationList = 8C58507A20A8974E00A5BE73 /* Build configuration list for PBXProject "liaoxin" */;
			compatibilityVersion = "Xcode 8.0";
			developmentRegion = en;
			hasScannedForEncodings = 0;
			knownRegions = (
				en,
				Base,
			);
			mainGroup = 8C58507620A8974E00A5BE73;
			productRefGroup = 8C58508020A8974E00A5BE73 /* Products */;
			projectDirPath = "";
			projectRoot = "";
			targets = (
				8C58507E20A8974E00A5BE73 /* liaoxin */,
				8C58509220A8974E00A5BE73 /* liaoxinTests */,
				8C58509D20A8974E00A5BE73 /* liaoxinUITests */,
			);
		};
/* End PBXProject section */

/* Begin PBXResourcesBuildPhase section */
		8C58507D20A8974E00A5BE73 /* Resources */ = {
			isa = PBXResourcesBuildPhase;
			buildActionMask = 2147483647;
			files = (
				8CDE3A8520A9F70D009BAED5 /* Profile.storyboard in Resources */,
				8C40903F20A9ABB500BE3759 /* Main.storyboard in Resources */,
				8C58508D20A8974E00A5BE73 /* LaunchScreen.storyboard in Resources */,
				8CDE3A8120A9F6D8009BAED5 /* Live.storyboard in Resources */,
				8CDE3A8320A9F6F0009BAED5 /* Follow.storyboard in Resources */,
				8C58508A20A8974E00A5BE73 /* Assets.xcassets in Resources */,
				8CDE3A7F20A9F6B7009BAED5 /* Home.storyboard in Resources */,
			);
			runOnlyForDeploymentPostprocessing = 0;
		};
		8C58509120A8974E00A5BE73 /* Resources */ = {
			isa = PBXResourcesBuildPhase;
			buildActionMask = 2147483647;
			files = (
			);
			runOnlyForDeploymentPostprocessing = 0;
		};
		8C58509C20A8974E00A5BE73 /* Resources */ = {
			isa = PBXResourcesBuildPhase;
			buildActionMask = 2147483647;
			files = (
			);
			runOnlyForDeploymentPostprocessing = 0;
		};
/* End PBXResourcesBuildPhase section */

/* Begin PBXSourcesBuildPhase section */
		8C58507B20A8974E00A5BE73 /* Sources */ = {
			isa = PBXSourcesBuildPhase;
			buildActionMask = 2147483647;
			files = (
				8C58508320A8974E00A5BE73 /* AppDelegate.swift in Sources */,
				8CF3EE4920AAF2EC0091A836 /* MainViewController.swift in Sources */,
				8CF3EE4B20AAF31E0091A836 /* HomeViewController.swift in Sources */,
			);
			runOnlyForDeploymentPostprocessing = 0;
		};
		8C58508F20A8974E00A5BE73 /* Sources */ = {
			isa = PBXSourcesBuildPhase;
			buildActionMask = 2147483647;
			files = (
			);
			runOnlyForDeploymentPostprocessing = 0;
		};
		8C58509A20A8974E00A5BE73 /* Sources */ = {
			isa = PBXSourcesBuildPhase;
			buildActionMask = 2147483647;
			files = (
			);
			runOnlyForDeploymentPostprocessing = 0;
		};
/* End PBXSourcesBuildPhase section */

/* Begin PBXTargetDependency section */
		8C58509520A8974E00A5BE73 /* PBXTargetDependency */ = {
			isa = PBXTargetDependency;
			target = 8C58507E20A8974E00A5BE73 /* liaoxin */;
			targetProxy = 8C58509420A8974E00A5BE73 /* PBXContainerItemProxy */;
		};
		8C5850A020A8974E00A5BE73 /* PBXTargetDependency */ = {
			isa = PBXTargetDependency;
			target = 8C58507E20A8974E00A5BE73 /* liaoxin */;
			targetProxy = 8C58509F20A8974E00A5BE73 /* PBXContainerItemProxy */;
		};
/* End PBXTargetDependency section */

/* Begin PBXVariantGroup section */
		8C58508B20A8974E00A5BE73 /* LaunchScreen.storyboard */ = {
			isa = PBXVariantGroup;
			children = (
				8C58508C20A8974E00A5BE73 /* Base */,
			);
			name = LaunchScreen.storyboard;
			sourceTree = "<group>";
		};
/* End PBXVariantGroup section */

/* Begin XCBuildConfiguration section */
		8C5850A520A8974E00A5BE73 /* Debug */ = {
			isa = XCBuildConfiguration;
			buildSettings = {
				ALWAYS_SEARCH_USER_PATHS = NO;
				CLANG_ANALYZER_NONNULL = YES;
				CLANG_ANALYZER_NUMBER_OBJECT_CONVERSION = YES_AGGRESSIVE;
				CLANG_CXX_LANGUAGE_STANDARD = "gnu++14";
				CLANG_CXX_LIBRARY = "libc++";
				CLANG_ENABLE_MODULES = YES;
				CLANG_ENABLE_OBJC_ARC = YES;
				CLANG_WARN_BLOCK_CAPTURE_AUTORELEASING = YES;
				CLANG_WARN_BOOL_CONVERSION = YES;
				CLANG_WARN_COMMA = YES;
				CLANG_WARN_CONSTANT_CONVERSION = YES;
				CLANG_WARN_DIRECT_OBJC_ISA_USAGE = YES_ERROR;
				CLANG_WARN_DOCUMENTATION_COMMENTS = YES;
				CLANG_WARN_EMPTY_BODY = YES;
				CLANG_WARN_ENUM_CONVERSION = YES;
				CLANG_WARN_INFINITE_RECURSION = YES;
				CLANG_WARN_INT_CONVERSION = YES;
				CLANG_WARN_NON_LITERAL_NULL_CONVERSION = YES;
				CLANG_WARN_OBJC_LITERAL_CONVERSION = YES;
				CLANG_WARN_OBJC_ROOT_CLASS = YES_ERROR;
				CLANG_WARN_RANGE_LOOP_ANALYSIS = YES;
				CLANG_WARN_STRICT_PROTOTYPES = YES;
				CLANG_WARN_SUSPICIOUS_MOVE = YES;
				CLANG_WARN_UNGUARDED_AVAILABILITY = YES_AGGRESSIVE;
				CLANG_WARN_UNREACHABLE_CODE = YES;
				CLANG_WARN__DUPLICATE_METHOD_MATCH = YES;
				CODE_SIGN_IDENTITY = "iPhone Developer";
				COPY_PHASE_STRIP = NO;
				DEBUG_INFORMATION_FORMAT = dwarf;
				ENABLE_STRICT_OBJC_MSGSEND = YES;
				ENABLE_TESTABILITY = YES;
				GCC_C_LANGUAGE_STANDARD = gnu11;
				GCC_DYNAMIC_NO_PIC = NO;
				GCC_NO_COMMON_BLOCKS = YES;
				GCC_OPTIMIZATION_LEVEL = 0;
				GCC_PREPROCESSOR_DEFINITIONS = (
					"DEBUG=1",
					"$(inherited)",
				);
				GCC_WARN_64_TO_32_BIT_CONVERSION = YES;
				GCC_WARN_ABOUT_RETURN_TYPE = YES_ERROR;
				GCC_WARN_UNDECLARED_SELECTOR = YES;
				GCC_WARN_UNINITIALIZED_AUTOS = YES_AGGRESSIVE;
				GCC_WARN_UNUSED_FUNCTION = YES;
				GCC_WARN_UNUSED_VARIABLE = YES;
				IPHONEOS_DEPLOYMENT_TARGET = 11.2;
				MTL_ENABLE_DEBUG_INFO = YES;
				ONLY_ACTIVE_ARCH = YES;
				SDKROOT = iphoneos;
				SWIFT_ACTIVE_COMPILATION_CONDITIONS = DEBUG;
				SWIFT_OPTIMIZATION_LEVEL = "-Onone";
			};
			name = Debug;
		};
		8C5850A620A8974E00A5BE73 /* Release */ = {
			isa = XCBuildConfiguration;
			buildSettings = {
				ALWAYS_SEARCH_USER_PATHS = NO;
				CLANG_ANALYZER_NONNULL = YES;
				CLANG_ANALYZER_NUMBER_OBJECT_CONVERSION = YES_AGGRESSIVE;
				CLANG_CXX_LANGUAGE_STANDARD = "gnu++14";
				CLANG_CXX_LIBRARY = "libc++";
				CLANG_ENABLE_MODULES = YES;
				CLANG_ENABLE_OBJC_ARC = YES;
				CLANG_WARN_BLOCK_CAPTURE_AUTORELEASING = YES;
				CLANG_WARN_BOOL_CONVERSION = YES;
				CLANG_WARN_COMMA = YES;
				CLANG_WARN_CONSTANT_CONVERSION = YES;
				CLANG_WARN_DIRECT_OBJC_ISA_USAGE = YES_ERROR;
				CLANG_WARN_DOCUMENTATION_COMMENTS = YES;
				CLANG_WARN_EMPTY_BODY = YES;
				CLANG_WARN_ENUM_CONVERSION = YES;
				CLANG_WARN_INFINITE_RECURSION = YES;
				CLANG_WARN_INT_CONVERSION = YES;
				CLANG_WARN_NON_LITERAL_NULL_CONVERSION = YES;
				CLANG_WARN_OBJC_LITERAL_CONVERSION = YES;
				CLANG_WARN_OBJC_ROOT_CLASS = YES_ERROR;
				CLANG_WARN_RANGE_LOOP_ANALYSIS = YES;
				CLANG_WARN_STRICT_PROTOTYPES = YES;
				CLANG_WARN_SUSPICIOUS_MOVE = YES;
				CLANG_WARN_UNGUARDED_AVAILABILITY = YES_AGGRESSIVE;
				CLANG_WARN_UNREACHABLE_CODE = YES;
				CLANG_WARN__DUPLICATE_METHOD_MATCH = YES;
				CODE_SIGN_IDENTITY = "iPhone Developer";
				COPY_PHASE_STRIP = NO;
				DEBUG_INFORMATION_FORMAT = "dwarf-with-dsym";
				ENABLE_NS_ASSERTIONS = NO;
				ENABLE_STRICT_OBJC_MSGSEND = YES;
				GCC_C_LANGUAGE_STANDARD = gnu11;
				GCC_NO_COMMON_BLOCKS = YES;
				GCC_WARN_64_TO_32_BIT_CONVERSION = YES;
				GCC_WARN_ABOUT_RETURN_TYPE = YES_ERROR;
				GCC_WARN_UNDECLARED_SELECTOR = YES;
				GCC_WARN_UNINITIALIZED_AUTOS = YES_AGGRESSIVE;
				GCC_WARN_UNUSED_FUNCTION = YES;
				GCC_WARN_UNUSED_VARIABLE = YES;
				IPHONEOS_DEPLOYMENT_TARGET = 11.2;
				MTL_ENABLE_DEBUG_INFO = NO;
				SDKROOT = iphoneos;
				SWIFT_OPTIMIZATION_LEVEL = "-Owholemodule";
				VALIDATE_PRODUCT = YES;
			};
			name = Release;
		};
		8C5850A820A8974E00A5BE73 /* Debug */ = {
			isa = XCBuildConfiguration;
			buildSettings = {
				ASSETCATALOG_COMPILER_APPICON_NAME = AppIcon;
				CODE_SIGN_STYLE = Automatic;
				FRAMEWORK_SEARCH_PATHS = (
					"$(inherited)",
					"$(PROJECT_DIR)/liaoxin/SDK",
					TXLiteAVSDK_Professional/,
				);
				INFOPLIST_FILE = liaoxin/Info.plist;
				IPHONEOS_DEPLOYMENT_TARGET = 9.0;
				LD_RUNPATH_SEARCH_PATHS = "$(inherited) @executable_path/Frameworks";
				PRODUCT_BUNDLE_IDENTIFIER = cc.ostt.liaoxin;
				PRODUCT_NAME = "$(TARGET_NAME)";
				SWIFT_VERSION = 4.0;
				TARGETED_DEVICE_FAMILY = "1,2";
			};
			name = Debug;
		};
		8C5850A920A8974E00A5BE73 /* Release */ = {
			isa = XCBuildConfiguration;
			buildSettings = {
				ASSETCATALOG_COMPILER_APPICON_NAME = AppIcon;
				CODE_SIGN_STYLE = Automatic;
				FRAMEWORK_SEARCH_PATHS = (
					"$(inherited)",
					"$(PROJECT_DIR)/liaoxin/SDK",
					TXLiteAVSDK_Professional/,
				);
				INFOPLIST_FILE = liaoxin/Info.plist;
				IPHONEOS_DEPLOYMENT_TARGET = 9.0;
				LD_RUNPATH_SEARCH_PATHS = "$(inherited) @executable_path/Frameworks";
				PRODUCT_BUNDLE_IDENTIFIER = cc.ostt.liaoxin;
				PRODUCT_NAME = "$(TARGET_NAME)";
				SWIFT_VERSION = 4.0;
				TARGETED_DEVICE_FAMILY = "1,2";
			};
			name = Release;
		};
		8C5850AB20A8974E00A5BE73 /* Debug */ = {
			isa = XCBuildConfiguration;
			buildSettings = {
				ALWAYS_EMBED_SWIFT_STANDARD_LIBRARIES = YES;
				BUNDLE_LOADER = "$(TEST_HOST)";
				CODE_SIGN_STYLE = Automatic;
				INFOPLIST_FILE = liaoxinTests/Info.plist;
				LD_RUNPATH_SEARCH_PATHS = "$(inherited) @executable_path/Frameworks @loader_path/Frameworks";
				PRODUCT_BUNDLE_IDENTIFIER = cc.ostt.liaoxinTests;
				PRODUCT_NAME = "$(TARGET_NAME)";
				SWIFT_VERSION = 4.0;
				TARGETED_DEVICE_FAMILY = "1,2";
				TEST_HOST = "$(BUILT_PRODUCTS_DIR)/liaoxin.app/liaoxin";
			};
			name = Debug;
		};
		8C5850AC20A8974E00A5BE73 /* Release */ = {
			isa = XCBuildConfiguration;
			buildSettings = {
				ALWAYS_EMBED_SWIFT_STANDARD_LIBRARIES = YES;
				BUNDLE_LOADER = "$(TEST_HOST)";
				CODE_SIGN_STYLE = Automatic;
				INFOPLIST_FILE = liaoxinTests/Info.plist;
				LD_RUNPATH_SEARCH_PATHS = "$(inherited) @executable_path/Frameworks @loader_path/Frameworks";
				PRODUCT_BUNDLE_IDENTIFIER = cc.ostt.liaoxinTests;
				PRODUCT_NAME = "$(TARGET_NAME)";
				SWIFT_VERSION = 4.0;
				TARGETED_DEVICE_FAMILY = "1,2";
				TEST_HOST = "$(BUILT_PRODUCTS_DIR)/liaoxin.app/liaoxin";
			};
			name = Release;
		};
		8C5850AE20A8974E00A5BE73 /* Debug */ = {
			isa = XCBuildConfiguration;
			buildSettings = {
				ALWAYS_EMBED_SWIFT_STANDARD_LIBRARIES = YES;
				CODE_SIGN_STYLE = Automatic;
				INFOPLIST_FILE = liaoxinUITests/Info.plist;
				LD_RUNPATH_SEARCH_PATHS = "$(inherited) @executable_path/Frameworks @loader_path/Frameworks";
				PRODUCT_BUNDLE_IDENTIFIER = cc.ostt.liaoxinUITests;
				PRODUCT_NAME = "$(TARGET_NAME)";
				SWIFT_VERSION = 4.0;
				TARGETED_DEVICE_FAMILY = "1,2";
				TEST_TARGET_NAME = liaoxin;
			};
			name = Debug;
		};
		8C5850AF20A8974E00A5BE73 /* Release */ = {
			isa = XCBuildConfiguration;
			buildSettings = {
				ALWAYS_EMBED_SWIFT_STANDARD_LIBRARIES = YES;
				CODE_SIGN_STYLE = Automatic;
				INFOPLIST_FILE = liaoxinUITests/Info.plist;
				LD_RUNPATH_SEARCH_PATHS = "$(inherited) @executable_path/Frameworks @loader_path/Frameworks";
				PRODUCT_BUNDLE_IDENTIFIER = cc.ostt.liaoxinUITests;
				PRODUCT_NAME = "$(TARGET_NAME)";
				SWIFT_VERSION = 4.0;
				TARGETED_DEVICE_FAMILY = "1,2";
				TEST_TARGET_NAME = liaoxin;
			};
			name = Release;
		};
/* End XCBuildConfiguration section */

/* Begin XCConfigurationList section */
		8C58507A20A8974E00A5BE73 /* Build configuration list for PBXProject "liaoxin" */ = {
			isa = XCConfigurationList;
			buildConfigurations = (
				8C5850A520A8974E00A5BE73 /* Debug */,
				8C5850A620A8974E00A5BE73 /* Release */,
			);
			defaultConfigurationIsVisible = 0;
			defaultConfigurationName = Release;
		};
		8C5850A720A8974E00A5BE73 /* Build configuration list for PBXNativeTarget "liaoxin" */ = {
			isa = XCConfigurationList;
			buildConfigurations = (
				8C5850A820A8974E00A5BE73 /* Debug */,
				8C5850A920A8974E00A5BE73 /* Release */,
			);
			defaultConfigurationIsVisible = 0;
			defaultConfigurationName = Release;
		};
		8C5850AA20A8974E00A5BE73 /* Build configuration list for PBXNativeTarget "liaoxinTests" */ = {
			isa = XCConfigurationList;
			buildConfigurations = (
				8C5850AB20A8974E00A5BE73 /* Debug */,
				8C5850AC20A8974E00A5BE73 /* Release */,
			);
			defaultConfigurationIsVisible = 0;
			defaultConfigurationName = Release;
		};
		8C5850AD20A8974E00A5BE73 /* Build configuration list for PBXNativeTarget "liaoxinUITests" */ = {
			isa = XCConfigurationList;
			buildConfigurations = (
				8C5850AE20A8974E00A5BE73 /* Debug */,
				8C5850AF20A8974E00A5BE73 /* Release */,
			);
			defaultConfigurationIsVisible = 0;
			defaultConfigurationName = Release;
		};
/* End XCConfigurationList section */
	};
	rootObject = 8C58507720A8974E00A5BE73 /* Project object */;
}
